// !$*UTF8*$!
{
	archiveVersion = 1;
	classes = {
	};
	objectVersion = 50;
	objects = {

/* Begin PBXBuildFile section */
		C9C7B016265C4D6C00ED8A67 /* AppDelegate.swift in Sources */ = {isa = PBXBuildFile; fileRef = C9C7B015265C4D6C00ED8A67 /* AppDelegate.swift */; };
		C9C7B018265C4D6C00ED8A67 /* SceneDelegate.swift in Sources */ = {isa = PBXBuildFile; fileRef = C9C7B017265C4D6C00ED8A67 /* SceneDelegate.swift */; };
		C9C7B01A265C4D6C00ED8A67 /* HomeVC.swift in Sources */ = {isa = PBXBuildFile; fileRef = C9C7B019265C4D6C00ED8A67 /* HomeVC.swift */; };
		C9C7B01D265C4D6C00ED8A67 /* Main.storyboard in Resources */ = {isa = PBXBuildFile; fileRef = C9C7B01B265C4D6C00ED8A67 /* Main.storyboard */; };
		C9C7B01F265C4D7100ED8A67 /* Assets.xcassets in Resources */ = {isa = PBXBuildFile; fileRef = C9C7B01E265C4D7100ED8A67 /* Assets.xcassets */; };
		C9C7B022265C4D7100ED8A67 /* LaunchScreen.storyboard in Resources */ = {isa = PBXBuildFile; fileRef = C9C7B020265C4D7100ED8A67 /* LaunchScreen.storyboard */; };
		C9C7B02F265C605B00ED8A67 /* Shoe.swift in Sources */ = {isa = PBXBuildFile; fileRef = C9C7B02E265C605B00ED8A67 /* Shoe.swift */; };
		C9C7B034265C612100ED8A67 /* ShoeCell.swift in Sources */ = {isa = PBXBuildFile; fileRef = C9C7B033265C612100ED8A67 /* ShoeCell.swift */; };
		C9C7B038265C631800ED8A67 /* DetailsVC.swift in Sources */ = {isa = PBXBuildFile; fileRef = C9C7B037265C631800ED8A67 /* DetailsVC.swift */; };
		C9C7B03B265C632700ED8A67 /* CartVC.swift in Sources */ = {isa = PBXBuildFile; fileRef = C9C7B03A265C632700ED8A67 /* CartVC.swift */; };
		C9C7B03E265C652400ED8A67 /* CartCell.swift in Sources */ = {isa = PBXBuildFile; fileRef = C9C7B03D265C652400ED8A67 /* CartCell.swift */; };
		C9C7B041265C68A500ED8A67 /* K.swift in Sources */ = {isa = PBXBuildFile; fileRef = C9C7B040265C68A500ED8A67 /* K.swift */; };
		C9C7B046265C6A3700ED8A67 /* DataService.swift in Sources */ = {isa = PBXBuildFile; fileRef = C9C7B045265C6A3700ED8A67 /* DataService.swift */; };
/* End PBXBuildFile section */

/* Begin PBXFileReference section */
		C9C7B012265C4D6C00ED8A67 /* ShoeShockApp.app */ = {isa = PBXFileReference; explicitFileType = wrapper.application; includeInIndex = 0; path = ShoeShockApp.app; sourceTree = BUILT_PRODUCTS_DIR; };
		C9C7B015265C4D6C00ED8A67 /* AppDelegate.swift */ = {isa = PBXFileReference; lastKnownFileType = sourcecode.swift; path = AppDelegate.swift; sourceTree = "<group>"; };
		C9C7B017265C4D6C00ED8A67 /* SceneDelegate.swift */ = {isa = PBXFileReference; lastKnownFileType = sourcecode.swift; path = SceneDelegate.swift; sourceTree = "<group>"; };
		C9C7B019265C4D6C00ED8A67 /* HomeVC.swift */ = {isa = PBXFileReference; lastKnownFileType = sourcecode.swift; path = HomeVC.swift; sourceTree = "<group>"; };
		C9C7B01C265C4D6C00ED8A67 /* Base */ = {isa = PBXFileReference; lastKnownFileType = file.storyboard; name = Base; path = Base.lproj/Main.storyboard; sourceTree = "<group>"; };
		C9C7B01E265C4D7100ED8A67 /* Assets.xcassets */ = {isa = PBXFileReference; lastKnownFileType = folder.assetcatalog; path = Assets.xcassets; sourceTree = "<group>"; };
		C9C7B021265C4D7100ED8A67 /* Base */ = {isa = PBXFileReference; lastKnownFileType = file.storyboard; name = Base; path = Base.lproj/LaunchScreen.storyboard; sourceTree = "<group>"; };
		C9C7B023265C4D7100ED8A67 /* Info.plist */ = {isa = PBXFileReference; lastKnownFileType = text.plist.xml; path = Info.plist; sourceTree = "<group>"; };
		C9C7B02E265C605B00ED8A67 /* Shoe.swift */ = {isa = PBXFileReference; lastKnownFileType = sourcecode.swift; path = Shoe.swift; sourceTree = "<group>"; };
		C9C7B033265C612100ED8A67 /* ShoeCell.swift */ = {isa = PBXFileReference; lastKnownFileType = sourcecode.swift; path = ShoeCell.swift; sourceTree = "<group>"; };
		C9C7B037265C631800ED8A67 /* DetailsVC.swift */ = {isa = PBXFileReference; lastKnownFileType = sourcecode.swift; path = DetailsVC.swift; sourceTree = "<group>"; };
		C9C7B03A265C632700ED8A67 /* CartVC.swift */ = {isa = PBXFileReference; lastKnownFileType = sourcecode.swift; path = CartVC.swift; sourceTree = "<group>"; };
		C9C7B03D265C652400ED8A67 /* CartCell.swift */ = {isa = PBXFileReference; lastKnownFileType = sourcecode.swift; path = CartCell.swift; sourceTree = "<group>"; };
		C9C7B040265C68A500ED8A67 /* K.swift */ = {isa = PBXFileReference; lastKnownFileType = sourcecode.swift; path = K.swift; sourceTree = "<group>"; };
		C9C7B045265C6A3700ED8A67 /* DataService.swift */ = {isa = PBXFileReference; lastKnownFileType = sourcecode.swift; path = DataService.swift; sourceTree = "<group>"; };
/* End PBXFileReference section */

/* Begin PBXFrameworksBuildPhase section */
		C9C7B00F265C4D6C00ED8A67 /* Frameworks */ = {
			isa = PBXFrameworksBuildPhase;
			buildActionMask = 2147483647;
			files = (
			);
			runOnlyForDeploymentPostprocessing = 0;
		};
/* End PBXFrameworksBuildPhase section */

/* Begin PBXGroup section */
		C9C7B009265C4D6C00ED8A67 = {
			isa = PBXGroup;
			children = (
				C9C7B014265C4D6C00ED8A67 /* ShoeShockApp */,
				C9C7B013265C4D6C00ED8A67 /* Products */,
			);
			sourceTree = "<group>";
		};
		C9C7B013265C4D6C00ED8A67 /* Products */ = {
			isa = PBXGroup;
			children = (
				C9C7B012265C4D6C00ED8A67 /* ShoeShockApp.app */,
			);
			name = Products;
			sourceTree = "<group>";
		};
		C9C7B014265C4D6C00ED8A67 /* ShoeShockApp */ = {
			isa = PBXGroup;
			children = (
				C9C7B043265C695400ED8A67 /* Constants */,
				C9C7B02D265C603B00ED8A67 /* DataService */,
				C9C7B02C265C603500ED8A67 /* Model */,
				C9C7B02B265C602F00ED8A67 /* View */,
				C9C7B02A265C602000ED8A67 /* Controller */,
				C9C7B015265C4D6C00ED8A67 /* AppDelegate.swift */,
				C9C7B017265C4D6C00ED8A67 /* SceneDelegate.swift */,
				C9C7B01B265C4D6C00ED8A67 /* Main.storyboard */,
				C9C7B01E265C4D7100ED8A67 /* Assets.xcassets */,
				C9C7B020265C4D7100ED8A67 /* LaunchScreen.storyboard */,
				C9C7B023265C4D7100ED8A67 /* Info.plist */,
			);
			path = ShoeShockApp;
			sourceTree = "<group>";
		};
		C9C7B02A265C602000ED8A67 /* Controller */ = {
			isa = PBXGroup;
			children = (
				C9C7B019265C4D6C00ED8A67 /* HomeVC.swift */,
				C9C7B037265C631800ED8A67 /* DetailsVC.swift */,
				C9C7B03A265C632700ED8A67 /* CartVC.swift */,
			);
			path = Controller;
			sourceTree = "<group>";
		};
		C9C7B02B265C602F00ED8A67 /* View */ = {
			isa = PBXGroup;
			children = (
				C9C7B033265C612100ED8A67 /* ShoeCell.swift */,
				C9C7B03D265C652400ED8A67 /* CartCell.swift */,
			);
			path = View;
			sourceTree = "<group>";
		};
		C9C7B02C265C603500ED8A67 /* Model */ = {
			isa = PBXGroup;
			children = (
				C9C7B02E265C605B00ED8A67 /* Shoe.swift */,
			);
			path = Model;
			sourceTree = "<group>";
		};
		C9C7B02D265C603B00ED8A67 /* DataService */ = {
			isa = PBXGroup;
			children = (
				C9C7B045265C6A3700ED8A67 /* DataService.swift */,
			);
			path = DataService;
			sourceTree = "<group>";
		};
		C9C7B043265C695400ED8A67 /* Constants */ = {
			isa = PBXGroup;
			children = (
				C9C7B040265C68A500ED8A67 /* K.swift */,
			);
			path = Constants;
			sourceTree = "<group>";
		};
/* End PBXGroup section */

/* Begin PBXNativeTarget section */
		C9C7B011265C4D6C00ED8A67 /* ShoeShockApp */ = {
			isa = PBXNativeTarget;
			buildConfigurationList = C9C7B026265C4D7100ED8A67 /* Build configuration list for PBXNativeTarget "ShoeShockApp" */;
			buildPhases = (
				C9C7B00E265C4D6C00ED8A67 /* Sources */,
				C9C7B00F265C4D6C00ED8A67 /* Frameworks */,
				C9C7B010265C4D6C00ED8A67 /* Resources */,
			);
			buildRules = (
			);
			dependencies = (
			);
			name = ShoeShockApp;
			productName = ShoeShockApp;
			productReference = C9C7B012265C4D6C00ED8A67 /* ShoeShockApp.app */;
			productType = "com.apple.product-type.application";
		};
/* End PBXNativeTarget section */

/* Begin PBXProject section */
		C9C7B00A265C4D6C00ED8A67 /* Project object */ = {
			isa = PBXProject;
			attributes = {
				LastSwiftUpdateCheck = 1240;
				LastUpgradeCheck = 1240;
				TargetAttributes = {
					C9C7B011265C4D6C00ED8A67 = {
						CreatedOnToolsVersion = 12.4;
					};
				};
			};
			buildConfigurationList = C9C7B00D265C4D6C00ED8A67 /* Build configuration list for PBXProject "ShoeShockApp" */;
			compatibilityVersion = "Xcode 9.3";
			developmentRegion = en;
			hasScannedForEncodings = 0;
			knownRegions = (
				en,
				Base,
			);
			mainGroup = C9C7B009265C4D6C00ED8A67;
			productRefGroup = C9C7B013265C4D6C00ED8A67 /* Products */;
			projectDirPath = "";
			projectRoot = "";
			targets = (
				C9C7B011265C4D6C00ED8A67 /* ShoeShockApp */,
			);
		};
/* End PBXProject section */

/* Begin PBXResourcesBuildPhase section */
		C9C7B010265C4D6C00ED8A67 /* Resources */ = {
			isa = PBXResourcesBuildPhase;
			buildActionMask = 2147483647;
			files = (
				C9C7B022265C4D7100ED8A67 /* LaunchScreen.storyboard in Resources */,
				C9C7B01F265C4D7100ED8A67 /* Assets.xcassets in Resources */,
				C9C7B01D265C4D6C00ED8A67 /* Main.storyboard in Resources */,
			);
			runOnlyForDeploymentPostprocessing = 0;
		};
/* End PBXResourcesBuildPhase section */

/* Begin PBXSourcesBuildPhase section */
		C9C7B00E265C4D6C00ED8A67 /* Sources */ = {
			isa = PBXSourcesBuildPhase;
			buildActionMask = 2147483647;
			files = (
				C9C7B041265C68A500ED8A67 /* K.swift in Sources */,
				C9C7B034265C612100ED8A67 /* ShoeCell.swift in Sources */,
				C9C7B038265C631800ED8A67 /* DetailsVC.swift in Sources */,
				C9C7B03B265C632700ED8A67 /* CartVC.swift in Sources */,
				C9C7B03E265C652400ED8A67 /* CartCell.swift in Sources */,
				C9C7B02F265C605B00ED8A67 /* Shoe.swift in Sources */,
				C9C7B01A265C4D6C00ED8A67 /* HomeVC.swift in Sources */,
				C9C7B016265C4D6C00ED8A67 /* AppDelegate.swift in Sources */,
				C9C7B018265C4D6C00ED8A67 /* SceneDelegate.swift in Sources */,
				C9C7B046265C6A3700ED8A67 /* DataService.swift in Sources */,
			);
			runOnlyForDeploymentPostprocessing = 0;
		};
/* End PBXSourcesBuildPhase section */

/* Begin PBXVariantGroup section */
		C9C7B01B265C4D6C00ED8A67 /* Main.storyboard */ = {
			isa = PBXVariantGroup;
			children = (
				C9C7B01C265C4D6C00ED8A67 /* Base */,
			);
			name = Main.storyboard;
			sourceTree = "<group>";
		};
		C9C7B020265C4D7100ED8A67 /* LaunchScreen.storyboard */ = {
			isa = PBXVariantGroup;
			children = (
				C9C7B021265C4D7100ED8A67 /* Base */,
			);
			name = LaunchScreen.storyboard;
			sourceTree = "<group>";
		};
/* End PBXVariantGroup section */

/* Begin XCBuildConfiguration section */
		C9C7B024265C4D7100ED8A67 /* Debug */ = {
			isa = XCBuildConfiguration;
			buildSettings = {
				ALWAYS_SEARCH_USER_PATHS = NO;
				CLANG_ANALYZER_NONNULL = YES;
				CLANG_ANALYZER_NUMBER_OBJECT_CONVERSION = YES_AGGRESSIVE;
				CLANG_CXX_LANGUAGE_STANDARD = "gnu++14";
				CLANG_CXX_LIBRARY = "libc++";
				CLANG_ENABLE_MODULES = YES;
				CLANG_ENABLE_OBJC_ARC = YES;
				CLANG_ENABLE_OBJC_WEAK = YES;
				CLANG_WARN_BLOCK_CAPTURE_AUTORELEASING = YES;
				CLANG_WARN_BOOL_CONVERSION = YES;
				CLANG_WARN_COMMA = YES;
				CLANG_WARN_CONSTANT_CONVERSION = YES;
				CLANG_WARN_DEPRECATED_OBJC_IMPLEMENTATIONS = YES;
				CLANG_WARN_DIRECT_OBJC_ISA_USAGE = YES_ERROR;
				CLANG_WARN_DOCUMENTATION_COMMENTS = YES;
				CLANG_WARN_EMPTY_BODY = YES;
				CLANG_WARN_ENUM_CONVERSION = YES;
				CLANG_WARN_INFINITE_RECURSION = YES;
				CLANG_WARN_INT_CONVERSION = YES;
				CLANG_WARN_NON_LITERAL_NULL_CONVERSION = YES;
				CLANG_WARN_OBJC_IMPLICIT_RETAIN_SELF = YES;
				CLANG_WARN_OBJC_LITERAL_CONVERSION = YES;
				CLANG_WARN_OBJC_ROOT_CLASS = YES_ERROR;
				CLANG_WARN_QUOTED_INCLUDE_IN_FRAMEWORK_HEADER = YES;
				CLANG_WARN_RANGE_LOOP_ANALYSIS = YES;
				CLANG_WARN_STRICT_PROTOTYPES = YES;
				CLANG_WARN_SUSPICIOUS_MOVE = YES;
				CLANG_WARN_UNGUARDED_AVAILABILITY = YES_AGGRESSIVE;
				CLANG_WARN_UNREACHABLE_CODE = YES;
				CLANG_WARN__DUPLICATE_METHOD_MATCH = YES;
				COPY_PHASE_STRIP = NO;
				DEBUG_INFORMATION_FORMAT = dwarf;
				ENABLE_STRICT_OBJC_MSGSEND = YES;
				ENABLE_TESTABILITY = YES;
				GCC_C_LANGUAGE_STANDARD = gnu11;
				GCC_DYNAMIC_NO_PIC = NO;
				GCC_NO_COMMON_BLOCKS = YES;
				GCC_OPTIMIZATION_LEVEL = 0;
				GCC_PREPROCESSOR_DEFINITIONS = (
					"DEBUG=1",
					"$(inherited)",
				);
				GCC_WARN_64_TO_32_BIT_CONVERSION = YES;
				GCC_WARN_ABOUT_RETURN_TYPE = YES_ERROR;
				GCC_WARN_UNDECLARED_SELECTOR = YES;
				GCC_WARN_UNINITIALIZED_AUTOS = YES_AGGRESSIVE;
				GCC_WARN_UNUSED_FUNCTION = YES;
				GCC_WARN_UNUSED_VARIABLE = YES;
				IPHONEOS_DEPLOYMENT_TARGET = 14.4;
				MTL_ENABLE_DEBUG_INFO = INCLUDE_SOURCE;
				MTL_FAST_MATH = YES;
				ONLY_ACTIVE_ARCH = YES;
				SDKROOT = iphoneos;
				SWIFT_ACTIVE_COMPILATION_CONDITIONS = DEBUG;
				SWIFT_OPTIMIZATION_LEVEL = "-Onone";
			};
			name = Debug;
		};
		C9C7B025265C4D7100ED8A67 /* Release */ = {
			isa = XCBuildConfiguration;
			buildSettings = {
				ALWAYS_SEARCH_USER_PATHS = NO;
				CLANG_ANALYZER_NONNULL = YES;
				CLANG_ANALYZER_NUMBER_OBJECT_CONVERSION = YES_AGGRESSIVE;
				CLANG_CXX_LANGUAGE_STANDARD = "gnu++14";
				CLANG_CXX_LIBRARY = "libc++";
				CLANG_ENABLE_MODULES = YES;
				CLANG_ENABLE_OBJC_ARC = YES;
				CLANG_ENABLE_OBJC_WEAK = YES;
				CLANG_WARN_BLOCK_CAPTURE_AUTORELEASING = YES;
				CLANG_WARN_BOOL_CONVERSION = YES;
				CLANG_WARN_COMMA = YES;
				CLANG_WARN_CONSTANT_CONVERSION = YES;
				CLANG_WARN_DEPRECATED_OBJC_IMPLEMENTATIONS = YES;
				CLANG_WARN_DIRECT_OBJC_ISA_USAGE = YES_ERROR;
				CLANG_WARN_DOCUMENTATION_COMMENTS = YES;
				CLANG_WARN_EMPTY_BODY = YES;
				CLANG_WARN_ENUM_CONVERSION = YES;
				CLANG_WARN_INFINITE_RECURSION = YES;
				CLANG_WARN_INT_CONVERSION = YES;
				CLANG_WARN_NON_LITERAL_NULL_CONVERSION = YES;
				CLANG_WARN_OBJC_IMPLICIT_RETAIN_SELF = YES;
				CLANG_WARN_OBJC_LITERAL_CONVERSION = YES;
				CLANG_WARN_OBJC_ROOT_CLASS = YES_ERROR;
				CLANG_WARN_QUOTED_INCLUDE_IN_FRAMEWORK_HEADER = YES;
				CLANG_WARN_RANGE_LOOP_ANALYSIS = YES;
				CLANG_WARN_STRICT_PROTOTYPES = YES;
				CLANG_WARN_SUSPICIOUS_MOVE = YES;
				CLANG_WARN_UNGUARDED_AVAILABILITY = YES_AGGRESSIVE;
				CLANG_WARN_UNREACHABLE_CODE = YES;
				CLANG_WARN__DUPLICATE_METHOD_MATCH = YES;
				COPY_PHASE_STRIP = NO;
				DEBUG_INFORMATION_FORMAT = "dwarf-with-dsym";
				ENABLE_NS_ASSERTIONS = NO;
				ENABLE_STRICT_OBJC_MSGSEND = YES;
				GCC_C_LANGUAGE_STANDARD = gnu11;
				GCC_NO_COMMON_BLOCKS = YES;
				GCC_WARN_64_TO_32_BIT_CONVERSION = YES;
				GCC_WARN_ABOUT_RETURN_TYPE = YES_ERROR;
				GCC_WARN_UNDECLARED_SELECTOR = YES;
				GCC_WARN_UNINITIALIZED_AUTOS = YES_AGGRESSIVE;
				GCC_WARN_UNUSED_FUNCTION = YES;
				GCC_WARN_UNUSED_VARIABLE = YES;
				IPHONEOS_DEPLOYMENT_TARGET = 14.4;
				MTL_ENABLE_DEBUG_INFO = NO;
				MTL_FAST_MATH = YES;
				SDKROOT = iphoneos;
				SWIFT_COMPILATION_MODE = wholemodule;
				SWIFT_OPTIMIZATION_LEVEL = "-O";
				VALIDATE_PRODUCT = YES;
			};
			name = Release;
		};
		C9C7B027265C4D7100ED8A67 /* Debug */ = {
			isa = XCBuildConfiguration;
			buildSettings = {
				ASSETCATALOG_COMPILER_APPICON_NAME = AppIcon;
				ASSETCATALOG_COMPILER_GLOBAL_ACCENT_COLOR_NAME = AccentColor;
				CODE_SIGN_STYLE = Automatic;
				DEVELOPMENT_TEAM = 2DXG6S775F;
				INFOPLIST_FILE = ShoeShockApp/Info.plist;
				LD_RUNPATH_SEARCH_PATHS = (
					"$(inherited)",
					"@executable_path/Frameworks",
				);
				PRODUCT_BUNDLE_IDENTIFIER = com.Belton.ShoeShockApp;
				PRODUCT_NAME = "$(TARGET_NAME)";
				SWIFT_VERSION = 5.0;
				TARGETED_DEVICE_FAMILY = "1,2";
			};
			name = Debug;
		};
		C9C7B028265C4D7100ED8A67 /* Release */ = {
			isa = XCBuildConfiguration;
			buildSettings = {
				ASSETCATALOG_COMPILER_APPICON_NAME = AppIcon;
				ASSETCATALOG_COMPILER_GLOBAL_ACCENT_COLOR_NAME = AccentColor;
				CODE_SIGN_STYLE = Automatic;
				DEVELOPMENT_TEAM = 2DXG6S775F;
				INFOPLIST_FILE = ShoeShockApp/Info.plist;
				LD_RUNPATH_SEARCH_PATHS = (
					"$(inherited)",
					"@executable_path/Frameworks",
				);
				PRODUCT_BUNDLE_IDENTIFIER = com.Belton.ShoeShockApp;
				PRODUCT_NAME = "$(TARGET_NAME)";
				SWIFT_VERSION = 5.0;
				TARGETED_DEVICE_FAMILY = "1,2";
			};
			name = Release;
		};
/* End XCBuildConfiguration section */

/* Begin XCConfigurationList section */
		C9C7B00D265C4D6C00ED8A67 /* Build configuration list for PBXProject "ShoeShockApp" */ = {
			isa = XCConfigurationList;
			buildConfigurations = (
				C9C7B024265C4D7100ED8A67 /* Debug */,
				C9C7B025265C4D7100ED8A67 /* Release */,
			);
			defaultConfigurationIsVisible = 0;
			defaultConfigurationName = Release;
		};
		C9C7B026265C4D7100ED8A67 /* Build configuration list for PBXNativeTarget "ShoeShockApp" */ = {
			isa = XCConfigurationList;
			buildConfigurations = (
				C9C7B027265C4D7100ED8A67 /* Debug */,
				C9C7B028265C4D7100ED8A67 /* Release */,
			);
			defaultConfigurationIsVisible = 0;
			defaultConfigurationName = Release;
		};
/* End XCConfigurationList section */
	};
	rootObject = C9C7B00A265C4D6C00ED8A67 /* Project object */;
}
